// !$*UTF8*$!
{
	archiveVersion = 1;
	classes = {
	};
	objectVersion = 77;
	objects = {

/* Begin PBXBuildFile section */
		024A52CC302944F400BA79BE /* nhdat in Resources */ = {isa = PBXBuildFile; fileRef = 024A52CA302934C300BA79BE /* nhdat */; };
		024A52CD302944F400BA79BE /* sysconf in Resources */ = {isa = PBXBuildFile; fileRef = 024A52CB302934C300BA79BE /* sysconf */; };
		02B20D52302547EB00C01E3E /* libnh.a in Frameworks */ = {isa = PBXBuildFile; fileRef = 02B20D51302547EB00C01E3E /* libnh.a */; };
		02F5766330254F8800F06F02 /* NetHackSwiftLib in Frameworks */ = {isa = PBXBuildFile; productRef = 02F5766230254F8800F06F02 /* NetHackSwiftLib */; };
		02F578A53026652400F06F02 /* Playground in Resources */ = {isa = PBXBuildFile; fileRef = 02F578A43026652400F06F02 /* Playground */; };
		02F7FEFB302A8E090071CDB0 /* nhtiles.png in Resources */ = {isa = PBXBuildFile; fileRef = 02F7FEFA302A8E090071CDB0 /* nhtiles.png */; };
/* End PBXBuildFile section */

/* Begin PBXFileReference section */
		0211635E30251D5100E0FC96 /* NetHackSwift.app */ = {isa = PBXFileReference; explicitFileType = wrapper.application; includeInIndex = 0; path = NetHackSwift.app; sourceTree = BUILT_PRODUCTS_DIR; };
		024A52CA302934C300BA79BE /* nhdat */ = {isa = PBXFileReference; lastKnownFileType = text; path = nhdat; sourceTree = "<group>"; };
		024A52CB302934C300BA79BE /* sysconf */ = {isa = PBXFileReference; lastKnownFileType = text; path = sysconf; sourceTree = "<group>"; };
		02B20D51302547EB00C01E3E /* libnh.a */ = {isa = PBXFileReference; lastKnownFileType = archive.ar; name = libnh.a; path = ../NetHack/src/libnh.a; sourceTree = "<group>"; };
		02F578A43026652400F06F02 /* Playground */ = {isa = PBXFileReference; lastKnownFileType = folder; name = Playground; path = NetHackSwift/Playground; sourceTree = "<group>"; };
		02F7FEFA302A8E090071CDB0 /* nhtiles.png */ = {isa = PBXFileReference; lastKnownFileType = image.png; path = nhtiles.png; sourceTree = "<group>"; };
/* End PBXFileReference section */

/* Begin PBXFileSystemSynchronizedBuildFileExceptionSet section */
		02F576A23026608900F06F02 /* Exceptions for "NetHackSwift" folder in "NetHackSwift" target */ = {
			isa = PBXFileSystemSynchronizedBuildFileExceptionSet;
			membershipExceptions = (
				Playground/livelog,
				Playground/logfile,
				Playground/perm,
				Playground/record,
				Playground/xlogfile,
			);
			target = 0211635D30251D5100E0FC96 /* NetHackSwift */;
		};
/* End PBXFileSystemSynchronizedBuildFileExceptionSet section */

/* Begin PBXFileSystemSynchronizedRootGroup section */
		0211636030251D5100E0FC96 /* NetHackSwift */ = {
			isa = PBXFileSystemSynchronizedRootGroup;
			exceptions = (
				02F576A23026608900F06F02 /* Exceptions for "NetHackSwift" folder in "NetHackSwift" target */,
			);
			path = NetHackSwift;
			sourceTree = "<group>";
		};
/* End PBXFileSystemSynchronizedRootGroup section */

/* Begin PBXFrameworksBuildPhase section */
		0211635B30251D5100E0FC96 /* Frameworks */ = {
			isa = PBXFrameworksBuildPhase;
			buildActionMask = 2147483647;
			files = (
				02B20D52302547EB00C01E3E /* libnh.a in Frameworks */,
				02F5766330254F8800F06F02 /* NetHackSwiftLib in Frameworks */,
			);
			runOnlyForDeploymentPostprocessing = 0;
		};
/* End PBXFrameworksBuildPhase section */

/* Begin PBXGroup section */
		0211635530251D5100E0FC96 = {
			isa = PBXGroup;
			children = (
				02F578A43026652400F06F02 /* Playground */,
				0211636030251D5100E0FC96 /* NetHackSwift */,
				02D2DB343025420E00CB39E5 /* Frameworks */,
				0211635F30251D5100E0FC96 /* Products */,
				024A52C9302934BF00BA79BE /* Resources */,
			);
			sourceTree = "<group>";
		};
		0211635F30251D5100E0FC96 /* Products */ = {
			isa = PBXGroup;
			children = (
				0211635E30251D5100E0FC96 /* NetHackSwift.app */,
			);
			name = Products;
			sourceTree = "<group>";
		};
		024A52C9302934BF00BA79BE /* Resources */ = {
			isa = PBXGroup;
			children = (
				024A52CA302934C300BA79BE /* nhdat */,
				024A52CB302934C300BA79BE /* sysconf */,
				02F7FEFA302A8E090071CDB0 /* nhtiles.png */,
			);
			path = Resources;
			sourceTree = "<group>";
		};
		02D2DB343025420E00CB39E5 /* Frameworks */ = {
			isa = PBXGroup;
			children = (
				02B20D51302547EB00C01E3E /* libnh.a */,
			);
			name = Frameworks;
			sourceTree = "<group>";
		};
/* End PBXGroup section */

/* Begin PBXNativeTarget section */
		0211635D30251D5100E0FC96 /* NetHackSwift */ = {
			isa = PBXNativeTarget;
			buildConfigurationList = 0211636930251D5300E0FC96 /* Build configuration list for PBXNativeTarget "NetHackSwift" */;
			buildPhases = (
				0211635A30251D5100E0FC96 /* Sources */,
				0211635B30251D5100E0FC96 /* Frameworks */,
				0211635C30251D5100E0FC96 /* Resources */,
			);
			buildRules = (
			);
			dependencies = (
			);
			fileSystemSynchronizedGroups = (
				0211636030251D5100E0FC96 /* NetHackSwift */,
			);
			name = NetHackSwift;
			packageProductDependencies = (
				02F5766230254F8800F06F02 /* NetHackSwiftLib */,
			);
			productName = NetHackSwift;
			productReference = 0211635E30251D5100E0FC96 /* NetHackSwift.app */;
			productType = "com.apple.product-type.application";
		};
/* End PBXNativeTarget section */

/* Begin PBXProject section */
		0211635630251D5100E0FC96 /* Project object */ = {
			isa = PBXProject;
			attributes = {
				BuildIndependentTargetsInParallel = 1;
				LastSwiftUpdateCheck = 2640;
				LastUpgradeCheck = 2640;
				TargetAttributes = {
					0211635D30251D5100E0FC96 = {
						CreatedOnToolsVersion = 26.4;
					};
				};
			};
			buildConfigurationList = 0211635930251D5100E0FC96 /* Build configuration list for PBXProject "NetHackSwift" */;
			developmentRegion = en;
			hasScannedForEncodings = 0;
			knownRegions = (
				en,
				Base,
			);
			mainGroup = 0211635530251D5100E0FC96;
			minimizedProjectReferenceProxies = 1;
			packageReferences = (
				02F5766130254F8800F06F02 /* XCLocalSwiftPackageReference "../NetHackSwiftLib" */,
			);
			preferredProjectObjectVersion = 77;
			productRefGroup = 0211635F30251D5100E0FC96 /* Products */;
			projectDirPath = "";
			projectRoot = "";
			targets = (
				0211635D30251D5100E0FC96 /* NetHackSwift */,
			);
		};
/* End PBXProject section */

/* Begin PBXResourcesBuildPhase section */
		0211635C30251D5100E0FC96 /* Resources */ = {
			isa = PBXResourcesBuildPhase;
			buildActionMask = 2147483647;
			files = (
				024A52CC302944F400BA79BE /* nhdat in Resources */,
				02F7FEFB302A8E090071CDB0 /* nhtiles.png in Resources */,
				024A52CD302944F400BA79BE /* sysconf in Resources */,
				02F578A53026652400F06F02 /* Playground in Resources */,
			);
			runOnlyForDeploymentPostprocessing = 0;
		};
/* End PBXResourcesBuildPhase section */

/* Begin PBXSourcesBuildPhase section */
		0211635A30251D5100E0FC96 /* Sources */ = {
			isa = PBXSourcesBuildPhase;
			buildActionMask = 2147483647;
			files = (
			);
			runOnlyForDeploymentPostprocessing = 0;
		};
/* End PBXSourcesBuildPhase section */

/* Begin XCBuildConfiguration section */
		0211636730251D5300E0FC96 /* Debug */ = {
			isa = XCBuildConfiguration;
			buildSettings = {
				ALWAYS_SEARCH_USER_PATHS = NO;
				ASSETCATALOG_COMPILER_GENERATE_SWIFT_ASSET_SYMBOL_EXTENSIONS = YES;
				CLANG_ANALYZER_NONNULL = YES;
				CLANG_ANALYZER_NUMBER_OBJECT_CONVERSION = YES_AGGRESSIVE;
				CLANG_CXX_LANGUAGE_STANDARD = "gnu++20";
				CLANG_ENABLE_MODULES = YES;
				CLANG_ENABLE_OBJC_ARC = YES;
				CLANG_ENABLE_OBJC_WEAK = YES;
				CLANG_WARN_BLOCK_CAPTURE_AUTORELEASING = YES;
				CLANG_WARN_BOOL_CONVERSION = YES;
				CLANG_WARN_COMMA = YES;
				CLANG_WARN_CONSTANT_CONVERSION = YES;
				CLANG_WARN_DEPRECATED_OBJC_IMPLEMENTATIONS = YES;
				CLANG_WARN_DIRECT_OBJC_ISA_USAGE = YES_ERROR;
				CLANG_WARN_DOCUMENTATION_COMMENTS = YES;
				CLANG_WARN_EMPTY_BODY = YES;
				CLANG_WARN_ENUM_CONVERSION = YES;
				CLANG_WARN_INFINITE_RECURSION = YES;
				CLANG_WARN_INT_CONVERSION = YES;
				CLANG_WARN_NON_LITERAL_NULL_CONVERSION = YES;
				CLANG_WARN_OBJC_IMPLICIT_RETAIN_SELF = YES;
				CLANG_WARN_OBJC_LITERAL_CONVERSION = YES;
				CLANG_WARN_OBJC_ROOT_CLASS = YES_ERROR;
				CLANG_WARN_QUOTED_INCLUDE_IN_FRAMEWORK_HEADER = YES;
				CLANG_WARN_RANGE_LOOP_ANALYSIS = YES;
				CLANG_WARN_STRICT_PROTOTYPES = YES;
				CLANG_WARN_SUSPICIOUS_MOVE = YES;
				CLANG_WARN_UNGUARDED_AVAILABILITY = YES_AGGRESSIVE;
				CLANG_WARN_UNREACHABLE_CODE = YES;
				CLANG_WARN__DUPLICATE_METHOD_MATCH = YES;
				COPY_PHASE_STRIP = NO;
				DEBUG_INFORMATION_FORMAT = dwarf;
				DEVELOPMENT_TEAM = MKTTC6734C;
				ENABLE_STRICT_OBJC_MSGSEND = YES;
				ENABLE_TESTABILITY = YES;
				ENABLE_USER_SCRIPT_SANDBOXING = YES;
				GCC_C_LANGUAGE_STANDARD = gnu17;
				GCC_DYNAMIC_NO_PIC = NO;
				GCC_NO_COMMON_BLOCKS = YES;
				GCC_OPTIMIZATION_LEVEL = 0;
				GCC_PREPROCESSOR_DEFINITIONS = (
					"DEBUG=1",
					"$(inherited)",
				);
				GCC_WARN_64_TO_32_BIT_CONVERSION = YES;
				GCC_WARN_ABOUT_RETURN_TYPE = YES_ERROR;
				GCC_WARN_UNDECLARED_SELECTOR = YES;
				GCC_WARN_UNINITIALIZED_AUTOS = YES_AGGRESSIVE;
				GCC_WARN_UNUSED_FUNCTION = YES;
				GCC_WARN_UNUSED_VARIABLE = YES;
				LOCALIZATION_PREFERS_STRING_CATALOGS = YES;
				MACOSX_DEPLOYMENT_TARGET = 26.4;
				MTL_ENABLE_DEBUG_INFO = INCLUDE_SOURCE;
				MTL_FAST_MATH = YES;
				ONLY_ACTIVE_ARCH = YES;
				SDKROOT = macosx;
				SWIFT_ACTIVE_COMPILATION_CONDITIONS = "DEBUG $(inherited)";
				SWIFT_OPTIMIZATION_LEVEL = "-Onone";
			};
			name = Debug;
		};
		0211636830251D5300E0FC96 /* Release */ = {
			isa = XCBuildConfiguration;
			buildSettings = {
				ALWAYS_SEARCH_USER_PATHS = NO;
				ASSETCATALOG_COMPILER_GENERATE_SWIFT_ASSET_SYMBOL_EXTENSIONS = YES;
				CLANG_ANALYZER_NONNULL = YES;
				CLANG_ANALYZER_NUMBER_OBJECT_CONVERSION = YES_AGGRESSIVE;
				CLANG_CXX_LANGUAGE_STANDARD = "gnu++20";
				CLANG_ENABLE_MODULES = YES;
				CLANG_ENABLE_OBJC_ARC = YES;
				CLANG_ENABLE_OBJC_WEAK = YES;
				CLANG_WARN_BLOCK_CAPTURE_AUTORELEASING = YES;
				CLANG_WARN_BOOL_CONVERSION = YES;
				CLANG_WARN_COMMA = YES;
				CLANG_WARN_CONSTANT_CONVERSION = YES;
				CLANG_WARN_DEPRECATED_OBJC_IMPLEMENTATIONS = YES;
				CLANG_WARN_DIRECT_OBJC_ISA_USAGE = YES_ERROR;
				CLANG_WARN_DOCUMENTATION_COMMENTS = YES;
				CLANG_WARN_EMPTY_BODY = YES;
				CLANG_WARN_ENUM_CONVERSION = YES;
				CLANG_WARN_INFINITE_RECURSION = YES;
				CLANG_WARN_INT_CONVERSION = YES;
				CLANG_WARN_NON_LITERAL_NULL_CONVERSION = YES;
				CLANG_WARN_OBJC_IMPLICIT_RETAIN_SELF = YES;
				CLANG_WARN_OBJC_LITERAL_CONVERSION = YES;
				CLANG_WARN_OBJC_ROOT_CLASS = YES_ERROR;
				CLANG_WARN_QUOTED_INCLUDE_IN_FRAMEWORK_HEADER = YES;
				CLANG_WARN_RANGE_LOOP_ANALYSIS = YES;
				CLANG_WARN_STRICT_PROTOTYPES = YES;
				CLANG_WARN_SUSPICIOUS_MOVE = YES;
				CLANG_WARN_UNGUARDED_AVAILABILITY = YES_AGGRESSIVE;
				CLANG_WARN_UNREACHABLE_CODE = YES;
				CLANG_WARN__DUPLICATE_METHOD_MATCH = YES;
				COPY_PHASE_STRIP = NO;
				DEBUG_INFORMATION_FORMAT = "dwarf-with-dsym";
				DEVELOPMENT_TEAM = MKTTC6734C;
				ENABLE_NS_ASSERTIONS = NO;
				ENABLE_STRICT_OBJC_MSGSEND = YES;
				ENABLE_USER_SCRIPT_SANDBOXING = YES;
				GCC_C_LANGUAGE_STANDARD = gnu17;
				GCC_NO_COMMON_BLOCKS = YES;
				GCC_WARN_64_TO_32_BIT_CONVERSION = YES;
				GCC_WARN_ABOUT_RETURN_TYPE = YES_ERROR;
				GCC_WARN_UNDECLARED_SELECTOR = YES;
				GCC_WARN_UNINITIALIZED_AUTOS = YES_AGGRESSIVE;
				GCC_WARN_UNUSED_FUNCTION = YES;
				GCC_WARN_UNUSED_VARIABLE = YES;
				LOCALIZATION_PREFERS_STRING_CATALOGS = YES;
				MACOSX_DEPLOYMENT_TARGET = 26.4;
				MTL_ENABLE_DEBUG_INFO = NO;
				MTL_FAST_MATH = YES;
				SDKROOT = macosx;
				SWIFT_COMPILATION_MODE = wholemodule;
			};
			name = Release;
		};
		0211636A30251D5300E0FC96 /* Debug */ = {
			isa = XCBuildConfiguration;
			buildSettings = {
				ASSETCATALOG_COMPILER_APPICON_NAME = AppIcon;
				ASSETCATALOG_COMPILER_GLOBAL_ACCENT_COLOR_NAME = AccentColor;
				CODE_SIGN_STYLE = Automatic;
				COMBINE_HIDPI_IMAGES = YES;
				CURRENT_PROJECT_VERSION = 1;
				DEVELOPMENT_TEAM = MKTTC6734C;
				ENABLE_APP_SANDBOX = YES;
				ENABLE_HARDENED_RUNTIME = YES;
				ENABLE_PREVIEWS = YES;
				ENABLE_USER_SELECTED_FILES = readonly;
				GENERATE_INFOPLIST_FILE = YES;
				INFOPLIST_KEY_NSHumanReadableCopyright = "";
				LD_RUNPATH_SEARCH_PATHS = (
					"$(inherited)",
					"@executable_path/../Frameworks",
				);
				LIBRARY_SEARCH_PATHS = "$(SRCROOT)/../NetHack/src";
				MARKETING_VERSION = 1.0;
				PRODUCT_BUNDLE_IDENTIFIER = com.Bryceco.NetHackSwift;
				PRODUCT_NAME = "$(TARGET_NAME)";
				REGISTER_APP_GROUPS = YES;
				STRING_CATALOG_GENERATE_SYMBOLS = YES;
				SWIFT_APPROACHABLE_CONCURRENCY = YES;
				SWIFT_DEFAULT_ACTOR_ISOLATION = MainActor;
				SWIFT_EMIT_LOC_STRINGS = YES;
				SWIFT_UPCOMING_FEATURE_MEMBER_IMPORT_VISIBILITY = YES;
				SWIFT_VERSION = 5.0;
			};
			name = Debug;
		};
		0211636B30251D5300E0FC96 /* Release */ = {
			isa = XCBuildConfiguration;
			buildSettings = {
				ASSETCATALOG_COMPILER_APPICON_NAME = AppIcon;
				ASSETCATALOG_COMPILER_GLOBAL_ACCENT_COLOR_NAME = AccentColor;
				CODE_SIGN_STYLE = Automatic;
				COMBINE_HIDPI_IMAGES = YES;
				CURRENT_PROJECT_VERSION = 1;
				DEVELOPMENT_TEAM = MKTTC6734C;
				ENABLE_APP_SANDBOX = YES;
				ENABLE_HARDENED_RUNTIME = YES;
				ENABLE_PREVIEWS = YES;
				ENABLE_USER_SELECTED_FILES = readonly;
				GENERATE_INFOPLIST_FILE = YES;
				INFOPLIST_KEY_NSHumanReadableCopyright = "";
				LD_RUNPATH_SEARCH_PATHS = (
					"$(inherited)",
					"@executable_path/../Frameworks",
				);
				LIBRARY_SEARCH_PATHS = "$(SRCROOT)/../NetHack/src";
				MARKETING_VERSION = 1.0;
				PRODUCT_BUNDLE_IDENTIFIER = com.Bryceco.NetHackSwift;
				PRODUCT_NAME = "$(TARGET_NAME)";
				REGISTER_APP_GROUPS = YES;
				STRING_CATALOG_GENERATE_SYMBOLS = YES;
				SWIFT_APPROACHABLE_CONCURRENCY = YES;
				SWIFT_DEFAULT_ACTOR_ISOLATION = MainActor;
				SWIFT_EMIT_LOC_STRINGS = YES;
				SWIFT_UPCOMING_FEATURE_MEMBER_IMPORT_VISIBILITY = YES;
				SWIFT_VERSION = 5.0;
			};
			name = Release;
		};
/* End XCBuildConfiguration section */

/* Begin XCConfigurationList section */
		0211635930251D5100E0FC96 /* Build configuration list for PBXProject "NetHackSwift" */ = {
			isa = XCConfigurationList;
			buildConfigurations = (
				0211636730251D5300E0FC96 /* Debug */,
				0211636830251D5300E0FC96 /* Release */,
			);
			defaultConfigurationIsVisible = 0;
			defaultConfigurationName = Release;
		};
		0211636930251D5300E0FC96 /* Build configuration list for PBXNativeTarget "NetHackSwift" */ = {
			isa = XCConfigurationList;
			buildConfigurations = (
				0211636A30251D5300E0FC96 /* Debug */,
				0211636B30251D5300E0FC96 /* Release */,
			);
			defaultConfigurationIsVisible = 0;
			defaultConfigurationName = Release;
		};
/* End XCConfigurationList section */

/* Begin XCLocalSwiftPackageReference section */
		02F5766130254F8800F06F02 /* XCLocalSwiftPackageReference "../NetHackSwiftLib" */ = {
			isa = XCLocalSwiftPackageReference;
			relativePath = ../NetHackSwiftLib;
		};
/* End XCLocalSwiftPackageReference section */

/* Begin XCSwiftPackageProductDependency section */
		02F5766230254F8800F06F02 /* NetHackSwiftLib */ = {
			isa = XCSwiftPackageProductDependency;
			productName = NetHackSwiftLib;
		};
/* End XCSwiftPackageProductDependency section */
	};
	rootObject = 0211635630251D5100E0FC96 /* Project object */;
}
